// !$*UTF8*$!
{
	archiveVersion = 1;
	classes = {
	};
	objectVersion = 46;
	objects = {

/* Begin PBXBuildFile section */
		C13EF5F71C69530C006371BE /* AppDelegate.swift in Sources */ = {isa = PBXBuildFile; fileRef = C13EF5F61C69530C006371BE /* AppDelegate.swift */; };
		C13EF5F91C69530C006371BE /* ViewController.swift in Sources */ = {isa = PBXBuildFile; fileRef = C13EF5F81C69530C006371BE /* ViewController.swift */; };
		C13EF5FC1C69530C006371BE /* Main.storyboard in Resources */ = {isa = PBXBuildFile; fileRef = C13EF5FA1C69530C006371BE /* Main.storyboard */; };
		C13EF5FE1C69530C006371BE /* Assets.xcassets in Resources */ = {isa = PBXBuildFile; fileRef = C13EF5FD1C69530C006371BE /* Assets.xcassets */; };
		C13EF6011C69530C006371BE /* LaunchScreen.storyboard in Resources */ = {isa = PBXBuildFile; fileRef = C13EF5FF1C69530C006371BE /* LaunchScreen.storyboard */; };
/* End PBXBuildFile section */

/* Begin PBXFileReference section */
		C13EF5F31C69530C006371BE /* redbombbluebomb.app */ = {isa = PBXFileReference; explicitFileType = wrapper.application; includeInIndex = 0; path = redbombbluebomb.app; sourceTree = BUILT_PRODUCTS_DIR; };
		C13EF5F61C69530C006371BE /* AppDelegate.swift */ = {isa = PBXFileReference; lastKnownFileType = sourcecode.swift; path = AppDelegate.swift; sourceTree = "<group>"; };
		C13EF5F81C69530C006371BE /* ViewController.swift */ = {isa = PBXFileReference; lastKnownFileType = sourcecode.swift; path = ViewController.swift; sourceTree = "<group>"; };
		C13EF5FB1C69530C006371BE /* Base */ = {isa = PBXFileReference; lastKnownFileType = file.storyboard; name = Base; path = Base.lproj/Main.storyboard; sourceTree = "<group>"; };
		C13EF5FD1C69530C006371BE /* Assets.xcassets */ = {isa = PBXFileReference; lastKnownFileType = folder.assetcatalog; path = Assets.xcassets; sourceTree = "<group>"; };
		C13EF6001C69530C006371BE /* Base */ = {isa = PBXFileReference; lastKnownFileType = file.storyboard; name = Base; path = Base.lproj/LaunchScreen.storyboard; sourceTree = "<group>"; };
		C13EF6021C69530C006371BE /* Info.plist */ = {isa = PBXFileReference; lastKnownFileType = text.plist.xml; path = Info.plist; sourceTree = "<group>"; };
/* End PBXFileReference section */

/* Begin PBXFrameworksBuildPhase section */
		C13EF5F01C69530C006371BE /* Frameworks */ = {
			isa = PBXFrameworksBuildPhase;
			buildActionMask = 2147483647;
			files = (
			);
			runOnlyForDeploymentPostprocessing = 0;
		};
/* End PBXFrameworksBuildPhase section */

/* Begin PBXGroup section */
		C13EF5EA1C69530C006371BE = {
			isa = PBXGroup;
			children = (
				C13EF5F51C69530C006371BE /* redbombbluebomb */,
				C13EF5F41C69530C006371BE /* Products */,
			);
			sourceTree = "<group>";
		};
		C13EF5F41C69530C006371BE /* Products */ = {
			isa = PBXGroup;
			children = (
				C13EF5F31C69530C006371BE /* redbombbluebomb.app */,
			);
			name = Products;
			sourceTree = "<group>";
		};
		C13EF5F51C69530C006371BE /* redbombbluebomb */ = {
			isa = PBXGroup;
			children = (
				C13EF5F61C69530C006371BE /* AppDelegate.swift */,
				C13EF5F81C69530C006371BE /* ViewController.swift */,
				C13EF5FA1C69530C006371BE /* Main.storyboard */,
				C13EF5FD1C69530C006371BE /* Assets.xcassets */,
				C13EF5FF1C69530C006371BE /* LaunchScreen.storyboard */,
				C13EF6021C69530C006371BE /* Info.plist */,
			);
			path = redbombbluebomb;
			sourceTree = "<group>";
		};
/* End PBXGroup section */

/* Begin PBXNativeTarget section */
		C13EF5F21C69530C006371BE /* redbombbluebomb */ = {
			isa = PBXNativeTarget;
			buildConfigurationList = C13EF6051C69530C006371BE /* Build configuration list for PBXNativeTarget "redbombbluebomb" */;
			buildPhases = (
				C13EF5EF1C69530C006371BE /* Sources */,
				C13EF5F01C69530C006371BE /* Frameworks */,
				C13EF5F11C69530C006371BE /* Resources */,
			);
			buildRules = (
			);
			dependencies = (
			);
			name = redbombbluebomb;
			productName = redbombbluebomb;
			productReference = C13EF5F31C69530C006371BE /* redbombbluebomb.app */;
			productType = "com.apple.product-type.application";
		};
/* End PBXNativeTarget section */

/* Begin PBXProject section */
		C13EF5EB1C69530C006371BE /* Project object */ = {
			isa = PBXProject;
			attributes = {
				LastSwiftUpdateCheck = 0720;
				LastUpgradeCheck = 0720;
				ORGANIZATIONNAME = "Brock Cassidy";
				TargetAttributes = {
					C13EF5F21C69530C006371BE = {
						CreatedOnToolsVersion = 7.2.1;
					};
				};
			};
			buildConfigurationList = C13EF5EE1C69530C006371BE /* Build configuration list for PBXProject "redbombbluebomb" */;
			compatibilityVersion = "Xcode 3.2";
			developmentRegion = English;
			hasScannedForEncodings = 0;
			knownRegions = (
				en,
				Base,
			);
			mainGroup = C13EF5EA1C69530C006371BE;
			productRefGroup = C13EF5F41C69530C006371BE /* Products */;
			projectDirPath = "";
			projectRoot = "";
			targets = (
				C13EF5F21C69530C006371BE /* redbombbluebomb */,
			);
		};
/* End PBXProject section */

/* Begin PBXResourcesBuildPhase section */
		C13EF5F11C69530C006371BE /* Resources */ = {
			isa = PBXResourcesBuildPhase;
			buildActionMask = 2147483647;
			files = (
				C13EF6011C69530C006371BE /* LaunchScreen.storyboard in Resources */,
				C13EF5FE1C69530C006371BE /* Assets.xcassets in Resources */,
				C13EF5FC1C69530C006371BE /* Main.storyboard in Resources */,
			);
			runOnlyForDeploymentPostprocessing = 0;
		};
/* End PBXResourcesBuildPhase section */

/* Begin PBXSourcesBuildPhase section */
		C13EF5EF1C69530C006371BE /* Sources */ = {
			isa = PBXSourcesBuildPhase;
			buildActionMask = 2147483647;
			files = (
				C13EF5F91C69530C006371BE /* ViewController.swift in Sources */,
				C13EF5F71C69530C006371BE /* AppDelegate.swift in Sources */,
			);
			runOnlyForDeploymentPostprocessing = 0;
		};
/* End PBXSourcesBuildPhase section */

/* Begin PBXVariantGroup section */
		C13EF5FA1C69530C006371BE /* Main.storyboard */ = {
			isa = PBXVariantGroup;
			children = (
				C13EF5FB1C69530C006371BE /* Base */,
			);
			name = Main.storyboard;
			sourceTree = "<group>";
		};
		C13EF5FF1C69530C006371BE /* LaunchScreen.storyboard */ = {
			isa = PBXVariantGroup;
			children = (
				C13EF6001C69530C006371BE /* Base */,
			);
			name = LaunchScreen.storyboard;
			sourceTree = "<group>";
		};
/* End PBXVariantGroup section */

/* Begin XCBuildConfiguration section */
		C13EF6031C69530C006371BE /* Debug */ = {
			isa = XCBuildConfiguration;
			buildSettings = {
				ALWAYS_SEARCH_USER_PATHS = NO;
				CLANG_CXX_LANGUAGE_STANDARD = "gnu++0x";
				CLANG_CXX_LIBRARY = "libc++";
				CLANG_ENABLE_MODULES = YES;
				CLANG_ENABLE_OBJC_ARC = YES;
				CLANG_WARN_BOOL_CONVERSION = YES;
				CLANG_WARN_CONSTANT_CONVERSION = YES;
				CLANG_WARN_DIRECT_OBJC_ISA_USAGE = YES_ERROR;
				CLANG_WARN_EMPTY_BODY = YES;
				CLANG_WARN_ENUM_CONVERSION = YES;
				CLANG_WARN_INT_CONVERSION = YES;
				CLANG_WARN_OBJC_ROOT_CLASS = YES_ERROR;
				CLANG_WARN_UNREACHABLE_CODE = YES;
				CLANG_WARN__DUPLICATE_METHOD_MATCH = YES;
				"CODE_SIGN_IDENTITY[sdk=iphoneos*]" = "iPhone Developer";
				COPY_PHASE_STRIP = NO;
				DEBUG_INFORMATION_FORMAT = dwarf;
				ENABLE_STRICT_OBJC_MSGSEND = YES;
				ENABLE_TESTABILITY = YES;
				GCC_C_LANGUAGE_STANDARD = gnu99;
				GCC_DYNAMIC_NO_PIC = NO;
				GCC_NO_COMMON_BLOCKS = YES;
				GCC_OPTIMIZATION_LEVEL = 0;
				GCC_PREPROCESSOR_DEFINITIONS = (
					"DEBUG=1",
					"$(inherited)",
				);
				GCC_WARN_64_TO_32_BIT_CONVERSION = YES;
				GCC_WARN_ABOUT_RETURN_TYPE = YES_ERROR;
				GCC_WARN_UNDECLARED_SELECTOR = YES;
				GCC_WARN_UNINITIALIZED_AUTOS = YES_AGGRESSIVE;
				GCC_WARN_UNUSED_FUNCTION = YES;
				GCC_WARN_UNUSED_VARIABLE = YES;
				IPHONEOS_DEPLOYMENT_TARGET = 9.2;
				MTL_ENABLE_DEBUG_INFO = YES;
				ONLY_ACTIVE_ARCH = YES;
				SDKROOT = iphoneos;
				SWIFT_OPTIMIZATION_LEVEL = "-Onone";
			};
			name = Debug;
		};
		C13EF6041C69530C006371BE /* Release */ = {
			isa = XCBuildConfiguration;
			buildSettings = {
				ALWAYS_SEARCH_USER_PATHS = NO;
				CLANG_CXX_LANGUAGE_STANDARD = "gnu++0x";
				CLANG_CXX_LIBRARY = "libc++";
				CLANG_ENABLE_MODULES = YES;
				CLANG_ENABLE_OBJC_ARC = YES;
				CLANG_WARN_BOOL_CONVERSION = YES;
				CLANG_WARN_CONSTANT_CONVERSION = YES;
				CLANG_WARN_DIRECT_OBJC_ISA_USAGE = YES_ERROR;
				CLANG_WARN_EMPTY_BODY = YES;
				CLANG_WARN_ENUM_CONVERSION = YES;
				CLANG_WARN_INT_CONVERSION = YES;
				CLANG_WARN_OBJC_ROOT_CLASS = YES_ERROR;
				CLANG_WARN_UNREACHABLE_CODE = YES;
				CLANG_WARN__DUPLICATE_METHOD_MATCH = YES;
				"CODE_SIGN_IDENTITY[sdk=iphoneos*]" = "iPhone Developer";
				COPY_PHASE_STRIP = NO;
				DEBUG_INFORMATION_FORMAT = "dwarf-with-dsym";
				ENABLE_NS_ASSERTIONS = NO;
				ENABLE_STRICT_OBJC_MSGSEND = YES;
				GCC_C_LANGUAGE_STANDARD = gnu99;
				GCC_NO_COMMON_BLOCKS = YES;
				GCC_WARN_64_TO_32_BIT_CONVERSION = YES;
				GCC_WARN_ABOUT_RETURN_TYPE = YES_ERROR;
				GCC_WARN_UNDECLARED_SELECTOR = YES;
				GCC_WARN_UNINITIALIZED_AUTOS = YES_AGGRESSIVE;
				GCC_WARN_UNUSED_FUNCTION = YES;
				GCC_WARN_UNUSED_VARIABLE = YES;
				IPHONEOS_DEPLOYMENT_TARGET = 9.2;
				MTL_ENABLE_DEBUG_INFO = NO;
				SDKROOT = iphoneos;
				VALIDATE_PRODUCT = YES;
			};
			name = Release;
		};
		C13EF6061C69530C006371BE /* Debug */ = {
			isa = XCBuildConfiguration;
			buildSettings = {
				ASSETCATALOG_COMPILER_APPICON_NAME = AppIcon;
				INFOPLIST_FILE = redbombbluebomb/Info.plist;
				LD_RUNPATH_SEARCH_PATHS = "$(inherited) @executable_path/Frameworks";
				PRODUCT_BUNDLE_IDENTIFIER = com.BrockCassidy.redbombbluebomb;
				PRODUCT_NAME = "$(TARGET_NAME)";
				TARGETED_DEVICE_FAMILY = 1;
			};
			name = Debug;
		};
		C13EF6071C69530C006371BE /* Release */ = {
			isa = XCBuildConfiguration;
			buildSettings = {
				ASSETCATALOG_COMPILER_APPICON_NAME = AppIcon;
				INFOPLIST_FILE = redbombbluebomb/Info.plist;
				LD_RUNPATH_SEARCH_PATHS = "$(inherited) @executable_path/Frameworks";
				PRODUCT_BUNDLE_IDENTIFIER = com.BrockCassidy.redbombbluebomb;
				PRODUCT_NAME = "$(TARGET_NAME)";
				TARGETED_DEVICE_FAMILY = 1;
			};
			name = Release;
		};
/* End XCBuildConfiguration section */

/* Begin XCConfigurationList section */
		C13EF5EE1C69530C006371BE /* Build configuration list for PBXProject "redbombbluebomb" */ = {
			isa = XCConfigurationList;
			buildConfigurations = (
				C13EF6031C69530C006371BE /* Debug */,
				C13EF6041C69530C006371BE /* Release */,
			);
			defaultConfigurationIsVisible = 0;
			defaultConfigurationName = Release;
		};
		C13EF6051C69530C006371BE /* Build configuration list for PBXNativeTarget "redbombbluebomb" */ = {
			isa = XCConfigurationList;
			buildConfigurations = (
				C13EF6061C69530C006371BE /* Debug */,
				C13EF6071C69530C006371BE /* Release */,
			);
			defaultConfigurationIsVisible = 0;
		};
/* End XCConfigurationList section */
	};
	rootObject = C13EF5EB1C69530C006371BE /* Project object */;
}
